{
  "lockfileVersion": 1,
  "configVersion": 1,
  "workspaces": {
    "": {
      "name": "tmux-next",
      "dependencies": {
        "@xterm/addon-webgl": "0.18.0",
        "@xterm/xterm": "5.5.0",
      },
    },
  },
  "packages": {
    "@xterm/addon-webgl": ["@xterm/addon-webgl@0.18.0", "", { "peerDependencies": { "@xterm/xterm": "^5.0.0" } }, "sha512-xCnfMBTI+/HKPdRnSOHaJDRqEpq2Ugy8LEj9GiY4J3zJObo3joylIFaMvzBwbYRg8zLtkO0KQaStCeSfoaI2/w=="],

    "@xterm/xterm": ["@xterm/xterm@5.5.0", "", {}, "sha512-hqJHYaQb5OptNunnyAnkHyM8aCjZ1MEIDTQu1iIbbTD/xops91NB5yq1ZK/dC2JDbVWtF23zUtl9JE2NqwT87A=="],
  }
}
